// !$*UTF8*$!
{
	archiveVersion = 1;
	classes = {
	};
	objectVersion = 51;
	objects = {

/* Begin PBXBuildFile section */
		4BB16C6BCFA75F532604856D /* Pods_TercihKilavuzu2022.framework in Frameworks */ = {isa = PBXBuildFile; fileRef = EA1BC2D92414808E49427A6A /* Pods_TercihKilavuzu2022.framework */; };
		EC3D113F26FA56F70031609C /* ScholarshipView.swift in Sources */ = {isa = PBXBuildFile; fileRef = EC3D113E26FA56F70031609C /* ScholarshipView.swift */; };
		EC3D114126FA5F210031609C /* StatePrivateView.swift in Sources */ = {isa = PBXBuildFile; fileRef = EC3D114026FA5F210031609C /* StatePrivateView.swift */; };
		EC3D114326FA60720031609C /* LanguageView.swift in Sources */ = {isa = PBXBuildFile; fileRef = EC3D114226FA60720031609C /* LanguageView.swift */; };
		EC3D114526FA61810031609C /* DurationView.swift in Sources */ = {isa = PBXBuildFile; fileRef = EC3D114426FA61810031609C /* DurationView.swift */; };
		EC3D114726FA641E0031609C /* ScoreRangeView.swift in Sources */ = {isa = PBXBuildFile; fileRef = EC3D114626FA641E0031609C /* ScoreRangeView.swift */; };
		EC3D114926FA67FD0031609C /* PlacementRangeView.swift in Sources */ = {isa = PBXBuildFile; fileRef = EC3D114826FA67FD0031609C /* PlacementRangeView.swift */; };
		EC3D114B26FA742C0031609C /* CityListView.swift in Sources */ = {isa = PBXBuildFile; fileRef = EC3D114A26FA742C0031609C /* CityListView.swift */; };
		EC3D114D26FA77FB0031609C /* DepartmentListView.swift in Sources */ = {isa = PBXBuildFile; fileRef = EC3D114C26FA77FB0031609C /* DepartmentListView.swift */; };
		EC3D114F26FA7E5C0031609C /* FilterModelView.swift in Sources */ = {isa = PBXBuildFile; fileRef = EC3D114E26FA7E5C0031609C /* FilterModelView.swift */; };
		EC416772271B24A1007CF2E2 /* StoreKit.framework in Frameworks */ = {isa = PBXBuildFile; fileRef = EC416771271B24A1007CF2E2 /* StoreKit.framework */; };
		EC416775271B2B77007CF2E2 /* StoreKitTestCertificate.cer in Resources */ = {isa = PBXBuildFile; fileRef = EC416774271B2B77007CF2E2 /* StoreKitTestCertificate.cer */; };
		EC488B6D26ECC209005B7D31 /* AppDelegate.swift in Sources */ = {isa = PBXBuildFile; fileRef = EC488B6C26ECC209005B7D31 /* AppDelegate.swift */; };
		EC488B6F26ECC209005B7D31 /* SceneDelegate.swift in Sources */ = {isa = PBXBuildFile; fileRef = EC488B6E26ECC209005B7D31 /* SceneDelegate.swift */; };
		EC488B7426ECC209005B7D31 /* Main.storyboard in Resources */ = {isa = PBXBuildFile; fileRef = EC488B7226ECC209005B7D31 /* Main.storyboard */; };
		EC488B7626ECC20A005B7D31 /* Assets.xcassets in Resources */ = {isa = PBXBuildFile; fileRef = EC488B7526ECC20A005B7D31 /* Assets.xcassets */; };
		EC488B7926ECC20A005B7D31 /* LaunchScreen.storyboard in Resources */ = {isa = PBXBuildFile; fileRef = EC488B7726ECC20A005B7D31 /* LaunchScreen.storyboard */; };
		EC488B8726ECC33C005B7D31 /* MainTabController.swift in Sources */ = {isa = PBXBuildFile; fileRef = EC488B8626ECC33C005B7D31 /* MainTabController.swift */; };
		EC488B8926ECC53E005B7D31 /* UniversityController.swift in Sources */ = {isa = PBXBuildFile; fileRef = EC488B8826ECC53E005B7D31 /* UniversityController.swift */; };
		EC488B8B26ECC5B9005B7D31 /* FavoritesController.swift in Sources */ = {isa = PBXBuildFile; fileRef = EC488B8A26ECC5B9005B7D31 /* FavoritesController.swift */; };
		EC488B8D26ECC60A005B7D31 /* CountdownController.swift in Sources */ = {isa = PBXBuildFile; fileRef = EC488B8C26ECC60A005B7D31 /* CountdownController.swift */; };
		EC488B9126ECDE25005B7D31 /* Extensions.swift in Sources */ = {isa = PBXBuildFile; fileRef = EC488B9026ECDE25005B7D31 /* Extensions.swift */; };
		EC488B9326ECE63F005B7D31 /* UniversityCell.swift in Sources */ = {isa = PBXBuildFile; fileRef = EC488B9226ECE63F005B7D31 /* UniversityCell.swift */; };
		EC51D6AE26EEA0E900594A81 /* University.swift in Sources */ = {isa = PBXBuildFile; fileRef = EC51D6AD26EEA0E900594A81 /* University.swift */; };
		EC51D6B026EEA16300594A81 /* FirestoreService.swift in Sources */ = {isa = PBXBuildFile; fileRef = EC51D6AF26EEA16300594A81 /* FirestoreService.swift */; };
		EC51D6B426EEA95A00594A81 /* GoogleService-Info.plist in Resources */ = {isa = PBXBuildFile; fileRef = EC51D6B326EEA95A00594A81 /* GoogleService-Info.plist */; };
		EC5DB406270B715B0099B153 /* StaticUniversityData.txt in Resources */ = {isa = PBXBuildFile; fileRef = EC5DB405270B715B0099B153 /* StaticUniversityData.txt */; };
		EC6427F62709FA950052931E /* StaticCityData.swift in Sources */ = {isa = PBXBuildFile; fileRef = EC6427F52709FA950052931E /* StaticCityData.swift */; };
		EC703E2D2700CD8400020664 /* TYTCountdownGraphView.swift in Sources */ = {isa = PBXBuildFile; fileRef = EC703E2C2700CD8400020664 /* TYTCountdownGraphView.swift */; };
		EC703E312700F4FD00020664 /* AYTCountdownGraphView.swift in Sources */ = {isa = PBXBuildFile; fileRef = EC703E302700F4FD00020664 /* AYTCountdownGraphView.swift */; };
		EC703E332700F5C700020664 /* YDTCountdownGraphView.swift in Sources */ = {isa = PBXBuildFile; fileRef = EC703E322700F5C700020664 /* YDTCountdownGraphView.swift */; };
		EC83EDBE271C542200164397 /* NetworkMonitorService.swift in Sources */ = {isa = PBXBuildFile; fileRef = EC83EDBD271C542200164397 /* NetworkMonitorService.swift */; };
		EC88418E26F9037B00D6F5C0 /* FilterController.swift in Sources */ = {isa = PBXBuildFile; fileRef = EC88418D26F9037B00D6F5C0 /* FilterController.swift */; };
		EC88419026F91A5100D6F5C0 /* CityListController.swift in Sources */ = {isa = PBXBuildFile; fileRef = EC88418F26F91A5100D6F5C0 /* CityListController.swift */; };
		EC88419226F91BE400D6F5C0 /* DepartmentListController.swift in Sources */ = {isa = PBXBuildFile; fileRef = EC88419126F91BE400D6F5C0 /* DepartmentListController.swift */; };
		EC88419626F91D0900D6F5C0 /* City.swift in Sources */ = {isa = PBXBuildFile; fileRef = EC88419526F91D0900D6F5C0 /* City.swift */; };
		EC88419826F92CC200D6F5C0 /* CityCell.swift in Sources */ = {isa = PBXBuildFile; fileRef = EC88419726F92CC200D6F5C0 /* CityCell.swift */; };
		EC88419A26F932FB00D6F5C0 /* DepartmentCell.swift in Sources */ = {isa = PBXBuildFile; fileRef = EC88419926F932FB00D6F5C0 /* DepartmentCell.swift */; };
		EC88419C26F933BF00D6F5C0 /* Department.swift in Sources */ = {isa = PBXBuildFile; fileRef = EC88419B26F933BF00D6F5C0 /* Department.swift */; };
		EC8A56AA26F521B50081587F /* ActionSheetLauncher.swift in Sources */ = {isa = PBXBuildFile; fileRef = EC8A56A926F521B50081587F /* ActionSheetLauncher.swift */; };
		EC8A56AC26F52BA60081587F /* ActionSheetCell.swift in Sources */ = {isa = PBXBuildFile; fileRef = EC8A56AB26F52BA60081587F /* ActionSheetCell.swift */; };
		EC8A56AE26F53D970081587F /* ActionSheetViewModel.swift in Sources */ = {isa = PBXBuildFile; fileRef = EC8A56AD26F53D970081587F /* ActionSheetViewModel.swift */; };
		ECA2CEFB2717592E0078A559 /* SubscriptionViewController.swift in Sources */ = {isa = PBXBuildFile; fileRef = ECA2CEFA2717592E0078A559 /* SubscriptionViewController.swift */; };
		ECA2CEFD27175D640078A559 /* SubscriptionHeaderView.swift in Sources */ = {isa = PBXBuildFile; fileRef = ECA2CEFC27175D640078A559 /* SubscriptionHeaderView.swift */; };
		ECA2CEFF271768580078A559 /* SubscriptionDescriptionView.swift in Sources */ = {isa = PBXBuildFile; fileRef = ECA2CEFE271768580078A559 /* SubscriptionDescriptionView.swift */; };
		ECA2CF0127176DD50078A559 /* IAPService.swift in Sources */ = {isa = PBXBuildFile; fileRef = ECA2CF0027176DD50078A559 /* IAPService.swift */; };
		ECA2CF0327177F2B0078A559 /* AppStoreReviewManager.swift in Sources */ = {isa = PBXBuildFile; fileRef = ECA2CF0227177F2B0078A559 /* AppStoreReviewManager.swift */; };
		ECC11581270F7437004E4863 /* TextService.swift in Sources */ = {isa = PBXBuildFile; fileRef = ECC11580270F7437004E4863 /* TextService.swift */; };
		ECC11587270F824E004E4863 /* StaticDepartmentData.txt in Resources */ = {isa = PBXBuildFile; fileRef = ECC11586270F824E004E4863 /* StaticDepartmentData.txt */; };
		ECC22CBC26EFE5C000350A4F /* RealmService.swift in Sources */ = {isa = PBXBuildFile; fileRef = ECC22CBB26EFE5C000350A4F /* RealmService.swift */; };
		ECCA78902705000B00ADF48C /* AboutController.swift in Sources */ = {isa = PBXBuildFile; fileRef = ECCA788F2705000B00ADF48C /* AboutController.swift */; };
		ECDBD1EE26EEB6D100635021 /* Constants.swift in Sources */ = {isa = PBXBuildFile; fileRef = ECDBD1ED26EEB6D100635021 /* Constants.swift */; };
		ECDBD1F026EEB77A00635021 /* UniversityViewModel.swift in Sources */ = {isa = PBXBuildFile; fileRef = ECDBD1EF26EEB77A00635021 /* UniversityViewModel.swift */; };
		ECED875A270CF854000B2AFF /* LaunchAnimationViewController.swift in Sources */ = {isa = PBXBuildFile; fileRef = ECED8759270CF854000B2AFF /* LaunchAnimationViewController.swift */; };
/* End PBXBuildFile section */

/* Begin PBXFileReference section */
		616DD82CF9D1D0D91BFC5D05 /* Pods-TercihKilavuzu2022.debug.xcconfig */ = {isa = PBXFileReference; includeInIndex = 1; lastKnownFileType = text.xcconfig; name = "Pods-TercihKilavuzu2022.debug.xcconfig"; path = "Target Support Files/Pods-TercihKilavuzu2022/Pods-TercihKilavuzu2022.debug.xcconfig"; sourceTree = "<group>"; };
		D609C56B569547FCBAF184F8 /* Pods-TercihKilavuzu2022.release.xcconfig */ = {isa = PBXFileReference; includeInIndex = 1; lastKnownFileType = text.xcconfig; name = "Pods-TercihKilavuzu2022.release.xcconfig"; path = "Target Support Files/Pods-TercihKilavuzu2022/Pods-TercihKilavuzu2022.release.xcconfig"; sourceTree = "<group>"; };
		EA1BC2D92414808E49427A6A /* Pods_TercihKilavuzu2022.framework */ = {isa = PBXFileReference; explicitFileType = wrapper.framework; includeInIndex = 0; path = Pods_TercihKilavuzu2022.framework; sourceTree = BUILT_PRODUCTS_DIR; };
		EC3D113E26FA56F70031609C /* ScholarshipView.swift */ = {isa = PBXFileReference; lastKnownFileType = sourcecode.swift; path = ScholarshipView.swift; sourceTree = "<group>"; };
		EC3D114026FA5F210031609C /* StatePrivateView.swift */ = {isa = PBXFileReference; lastKnownFileType = sourcecode.swift; path = StatePrivateView.swift; sourceTree = "<group>"; };
		EC3D114226FA60720031609C /* LanguageView.swift */ = {isa = PBXFileReference; lastKnownFileType = sourcecode.swift; path = LanguageView.swift; sourceTree = "<group>"; };
		EC3D114426FA61810031609C /* DurationView.swift */ = {isa = PBXFileReference; lastKnownFileType = sourcecode.swift; path = DurationView.swift; sourceTree = "<group>"; };
		EC3D114626FA641E0031609C /* ScoreRangeView.swift */ = {isa = PBXFileReference; lastKnownFileType = sourcecode.swift; path = ScoreRangeView.swift; sourceTree = "<group>"; };
		EC3D114826FA67FD0031609C /* PlacementRangeView.swift */ = {isa = PBXFileReference; lastKnownFileType = sourcecode.swift; path = PlacementRangeView.swift; sourceTree = "<group>"; };
		EC3D114A26FA742C0031609C /* CityListView.swift */ = {isa = PBXFileReference; lastKnownFileType = sourcecode.swift; path = CityListView.swift; sourceTree = "<group>"; };
		EC3D114C26FA77FB0031609C /* DepartmentListView.swift */ = {isa = PBXFileReference; lastKnownFileType = sourcecode.swift; path = DepartmentListView.swift; sourceTree = "<group>"; };
		EC3D114E26FA7E5C0031609C /* FilterModelView.swift */ = {isa = PBXFileReference; lastKnownFileType = sourcecode.swift; path = FilterModelView.swift; sourceTree = "<group>"; };
		EC416771271B24A1007CF2E2 /* StoreKit.framework */ = {isa = PBXFileReference; lastKnownFileType = wrapper.framework; name = StoreKit.framework; path = System/Library/Frameworks/StoreKit.framework; sourceTree = SDKROOT; };
		EC416773271B2865007CF2E2 /* Configuration.storekit */ = {isa = PBXFileReference; lastKnownFileType = text; path = Configuration.storekit; sourceTree = "<group>"; };
		EC416774271B2B77007CF2E2 /* StoreKitTestCertificate.cer */ = {isa = PBXFileReference; lastKnownFileType = file; path = StoreKitTestCertificate.cer; sourceTree = "<group>"; };
		EC488B6926ECC209005B7D31 /* TercihKilavuzu2022.app */ = {isa = PBXFileReference; explicitFileType = wrapper.application; includeInIndex = 0; path = TercihKilavuzu2022.app; sourceTree = BUILT_PRODUCTS_DIR; };
		EC488B6C26ECC209005B7D31 /* AppDelegate.swift */ = {isa = PBXFileReference; lastKnownFileType = sourcecode.swift; path = AppDelegate.swift; sourceTree = "<group>"; };
		EC488B6E26ECC209005B7D31 /* SceneDelegate.swift */ = {isa = PBXFileReference; lastKnownFileType = sourcecode.swift; path = SceneDelegate.swift; sourceTree = "<group>"; };
		EC488B7326ECC209005B7D31 /* Base */ = {isa = PBXFileReference; lastKnownFileType = file.storyboard; name = Base; path = Base.lproj/Main.storyboard; sourceTree = "<group>"; };
		EC488B7526ECC20A005B7D31 /* Assets.xcassets */ = {isa = PBXFileReference; lastKnownFileType = folder.assetcatalog; path = Assets.xcassets; sourceTree = "<group>"; };
		EC488B7826ECC20A005B7D31 /* Base */ = {isa = PBXFileReference; lastKnownFileType = file.storyboard; name = Base; path = Base.lproj/LaunchScreen.storyboard; sourceTree = "<group>"; };
		EC488B7A26ECC20A005B7D31 /* Info.plist */ = {isa = PBXFileReference; lastKnownFileType = text.plist.xml; path = Info.plist; sourceTree = "<group>"; };
		EC488B8626ECC33C005B7D31 /* MainTabController.swift */ = {isa = PBXFileReference; lastKnownFileType = sourcecode.swift; path = MainTabController.swift; sourceTree = "<group>"; };
		EC488B8826ECC53E005B7D31 /* UniversityController.swift */ = {isa = PBXFileReference; lastKnownFileType = sourcecode.swift; path = UniversityController.swift; sourceTree = "<group>"; };
		EC488B8A26ECC5B9005B7D31 /* FavoritesController.swift */ = {isa = PBXFileReference; lastKnownFileType = sourcecode.swift; path = FavoritesController.swift; sourceTree = "<group>"; };
		EC488B8C26ECC60A005B7D31 /* CountdownController.swift */ = {isa = PBXFileReference; lastKnownFileType = sourcecode.swift; path = CountdownController.swift; sourceTree = "<group>"; };
		EC488B9026ECDE25005B7D31 /* Extensions.swift */ = {isa = PBXFileReference; fileEncoding = 4; lastKnownFileType = sourcecode.swift; path = Extensions.swift; sourceTree = "<group>"; };
		EC488B9226ECE63F005B7D31 /* UniversityCell.swift */ = {isa = PBXFileReference; lastKnownFileType = sourcecode.swift; path = UniversityCell.swift; sourceTree = "<group>"; };
		EC51D6AD26EEA0E900594A81 /* University.swift */ = {isa = PBXFileReference; lastKnownFileType = sourcecode.swift; path = University.swift; sourceTree = "<group>"; };
		EC51D6AF26EEA16300594A81 /* FirestoreService.swift */ = {isa = PBXFileReference; lastKnownFileType = sourcecode.swift; path = FirestoreService.swift; sourceTree = "<group>"; };
		EC51D6B326EEA95A00594A81 /* GoogleService-Info.plist */ = {isa = PBXFileReference; fileEncoding = 4; lastKnownFileType = text.plist.xml; path = "GoogleService-Info.plist"; sourceTree = "<group>"; };
		EC5DB405270B715B0099B153 /* StaticUniversityData.txt */ = {isa = PBXFileReference; fileEncoding = 4; lastKnownFileType = text; path = StaticUniversityData.txt; sourceTree = "<group>"; };
		EC6427F52709FA950052931E /* StaticCityData.swift */ = {isa = PBXFileReference; lastKnownFileType = sourcecode.swift; path = StaticCityData.swift; sourceTree = "<group>"; };
		EC703E2C2700CD8400020664 /* TYTCountdownGraphView.swift */ = {isa = PBXFileReference; lastKnownFileType = sourcecode.swift; path = TYTCountdownGraphView.swift; sourceTree = "<group>"; };
		EC703E302700F4FD00020664 /* AYTCountdownGraphView.swift */ = {isa = PBXFileReference; lastKnownFileType = sourcecode.swift; path = AYTCountdownGraphView.swift; sourceTree = "<group>"; };
		EC703E322700F5C700020664 /* YDTCountdownGraphView.swift */ = {isa = PBXFileReference; lastKnownFileType = sourcecode.swift; path = YDTCountdownGraphView.swift; sourceTree = "<group>"; };
		EC83EDBD271C542200164397 /* NetworkMonitorService.swift */ = {isa = PBXFileReference; lastKnownFileType = sourcecode.swift; path = NetworkMonitorService.swift; sourceTree = "<group>"; };
		EC88418D26F9037B00D6F5C0 /* FilterController.swift */ = {isa = PBXFileReference; lastKnownFileType = sourcecode.swift; path = FilterController.swift; sourceTree = "<group>"; };
		EC88418F26F91A5100D6F5C0 /* CityListController.swift */ = {isa = PBXFileReference; lastKnownFileType = sourcecode.swift; path = CityListController.swift; sourceTree = "<group>"; };
		EC88419126F91BE400D6F5C0 /* DepartmentListController.swift */ = {isa = PBXFileReference; lastKnownFileType = sourcecode.swift; path = DepartmentListController.swift; sourceTree = "<group>"; };
		EC88419526F91D0900D6F5C0 /* City.swift */ = {isa = PBXFileReference; lastKnownFileType = sourcecode.swift; path = City.swift; sourceTree = "<group>"; };
		EC88419726F92CC200D6F5C0 /* CityCell.swift */ = {isa = PBXFileReference; lastKnownFileType = sourcecode.swift; path = CityCell.swift; sourceTree = "<group>"; };
		EC88419926F932FB00D6F5C0 /* DepartmentCell.swift */ = {isa = PBXFileReference; lastKnownFileType = sourcecode.swift; path = DepartmentCell.swift; sourceTree = "<group>"; };
		EC88419B26F933BF00D6F5C0 /* Department.swift */ = {isa = PBXFileReference; lastKnownFileType = sourcecode.swift; path = Department.swift; sourceTree = "<group>"; };
		EC8A56A926F521B50081587F /* ActionSheetLauncher.swift */ = {isa = PBXFileReference; lastKnownFileType = sourcecode.swift; path = ActionSheetLauncher.swift; sourceTree = "<group>"; };
		EC8A56AB26F52BA60081587F /* ActionSheetCell.swift */ = {isa = PBXFileReference; lastKnownFileType = sourcecode.swift; path = ActionSheetCell.swift; sourceTree = "<group>"; };
		EC8A56AD26F53D970081587F /* ActionSheetViewModel.swift */ = {isa = PBXFileReference; lastKnownFileType = sourcecode.swift; path = ActionSheetViewModel.swift; sourceTree = "<group>"; };
		ECA2CEFA2717592E0078A559 /* SubscriptionViewController.swift */ = {isa = PBXFileReference; lastKnownFileType = sourcecode.swift; path = SubscriptionViewController.swift; sourceTree = "<group>"; };
		ECA2CEFC27175D640078A559 /* SubscriptionHeaderView.swift */ = {isa = PBXFileReference; lastKnownFileType = sourcecode.swift; path = SubscriptionHeaderView.swift; sourceTree = "<group>"; };
		ECA2CEFE271768580078A559 /* SubscriptionDescriptionView.swift */ = {isa = PBXFileReference; lastKnownFileType = sourcecode.swift; path = SubscriptionDescriptionView.swift; sourceTree = "<group>"; };
		ECA2CF0027176DD50078A559 /* IAPService.swift */ = {isa = PBXFileReference; lastKnownFileType = sourcecode.swift; path = IAPService.swift; sourceTree = "<group>"; };
		ECA2CF0227177F2B0078A559 /* AppStoreReviewManager.swift */ = {isa = PBXFileReference; lastKnownFileType = sourcecode.swift; path = AppStoreReviewManager.swift; sourceTree = "<group>"; };
		ECC11580270F7437004E4863 /* TextService.swift */ = {isa = PBXFileReference; lastKnownFileType = sourcecode.swift; path = TextService.swift; sourceTree = "<group>"; };
		ECC11586270F824E004E4863 /* StaticDepartmentData.txt */ = {isa = PBXFileReference; fileEncoding = 4; lastKnownFileType = text; path = StaticDepartmentData.txt; sourceTree = "<group>"; };
		ECC22CBB26EFE5C000350A4F /* RealmService.swift */ = {isa = PBXFileReference; lastKnownFileType = sourcecode.swift; path = RealmService.swift; sourceTree = "<group>"; };
		ECCA788F2705000B00ADF48C /* AboutController.swift */ = {isa = PBXFileReference; lastKnownFileType = sourcecode.swift; path = AboutController.swift; sourceTree = "<group>"; };
		ECDBD1ED26EEB6D100635021 /* Constants.swift */ = {isa = PBXFileReference; lastKnownFileType = sourcecode.swift; path = Constants.swift; sourceTree = "<group>"; };
		ECDBD1EF26EEB77A00635021 /* UniversityViewModel.swift */ = {isa = PBXFileReference; lastKnownFileType = sourcecode.swift; path = UniversityViewModel.swift; sourceTree = "<group>"; };
		ECED8759270CF854000B2AFF /* LaunchAnimationViewController.swift */ = {isa = PBXFileReference; lastKnownFileType = sourcecode.swift; path = LaunchAnimationViewController.swift; sourceTree = "<group>"; };
/* End PBXFileReference section */

/* Begin PBXFrameworksBuildPhase section */
		EC488B6626ECC209005B7D31 /* Frameworks */ = {
			isa = PBXFrameworksBuildPhase;
			buildActionMask = 2147483647;
			files = (
				4BB16C6BCFA75F532604856D /* Pods_TercihKilavuzu2022.framework in Frameworks */,
				EC416772271B24A1007CF2E2 /* StoreKit.framework in Frameworks */,
			);
			runOnlyForDeploymentPostprocessing = 0;
		};
/* End PBXFrameworksBuildPhase section */

/* Begin PBXGroup section */
		11FF1FDC7FAB9D19D8F5531B /* Frameworks */ = {
			isa = PBXGroup;
			children = (
				EC416771271B24A1007CF2E2 /* StoreKit.framework */,
				EA1BC2D92414808E49427A6A /* Pods_TercihKilavuzu2022.framework */,
			);
			name = Frameworks;
			sourceTree = "<group>";
		};
		EAF1D30657C4B60795BCD9E1 /* Pods */ = {
			isa = PBXGroup;
			children = (
				616DD82CF9D1D0D91BFC5D05 /* Pods-TercihKilavuzu2022.debug.xcconfig */,
				D609C56B569547FCBAF184F8 /* Pods-TercihKilavuzu2022.release.xcconfig */,
			);
			path = Pods;
			sourceTree = "<group>";
		};
		EC3D113D26FA558A0031609C /* Filter */ = {
			isa = PBXGroup;
			children = (
				EC88419726F92CC200D6F5C0 /* CityCell.swift */,
				EC88419926F932FB00D6F5C0 /* DepartmentCell.swift */,
				EC984BE326FE6D21005DA79A /* Views */,
			);
			path = Filter;
			sourceTree = "<group>";
		};
		EC488B6026ECC209005B7D31 = {
			isa = PBXGroup;
			children = (
				EC488B6B26ECC209005B7D31 /* TercihKilavuzu2022 */,
				EC488B6A26ECC209005B7D31 /* Products */,
				EAF1D30657C4B60795BCD9E1 /* Pods */,
				11FF1FDC7FAB9D19D8F5531B /* Frameworks */,
			);
			sourceTree = "<group>";
		};
		EC488B6A26ECC209005B7D31 /* Products */ = {
			isa = PBXGroup;
			children = (
				EC488B6926ECC209005B7D31 /* TercihKilavuzu2022.app */,
			);
			name = Products;
			sourceTree = "<group>";
		};
		EC488B6B26ECC209005B7D31 /* TercihKilavuzu2022 */ = {
			isa = PBXGroup;
			children = (
				EC488B8426ECC2CF005B7D31 /* API */,
				EC488B8326ECC2C0005B7D31 /* Controller */,
				EC488B8226ECC2B9005B7D31 /* ModelView */,
				EC488B8126ECC2B0005B7D31 /* View */,
				EC488B8526ECC2D9005B7D31 /* Utils */,
				EC488B8026ECC2AB005B7D31 /* Model */,
				EC488B6C26ECC209005B7D31 /* AppDelegate.swift */,
				EC488B6E26ECC209005B7D31 /* SceneDelegate.swift */,
				EC488B7226ECC209005B7D31 /* Main.storyboard */,
				EC488B7526ECC20A005B7D31 /* Assets.xcassets */,
				EC488B7726ECC20A005B7D31 /* LaunchScreen.storyboard */,
				EC488B7A26ECC20A005B7D31 /* Info.plist */,
				EC51D6B326EEA95A00594A81 /* GoogleService-Info.plist */,
			);
			path = TercihKilavuzu2022;
			sourceTree = "<group>";
		};
		EC488B8026ECC2AB005B7D31 /* Model */ = {
			isa = PBXGroup;
			children = (
				EC51D6AD26EEA0E900594A81 /* University.swift */,
				EC88419526F91D0900D6F5C0 /* City.swift */,
				EC88419B26F933BF00D6F5C0 /* Department.swift */,
			);
			path = Model;
			sourceTree = "<group>";
		};
		EC488B8126ECC2B0005B7D31 /* View */ = {
			isa = PBXGroup;
			children = (
				EC488B9226ECE63F005B7D31 /* UniversityCell.swift */,
				EC8A56AB26F52BA60081587F /* ActionSheetCell.swift */,
				EC3D113D26FA558A0031609C /* Filter */,
				EC703E2C2700CD8400020664 /* TYTCountdownGraphView.swift */,
				EC703E302700F4FD00020664 /* AYTCountdownGraphView.swift */,
				EC703E322700F5C700020664 /* YDTCountdownGraphView.swift */,
				ECA2CEFC27175D640078A559 /* SubscriptionHeaderView.swift */,
				ECA2CEFE271768580078A559 /* SubscriptionDescriptionView.swift */,
			);
			path = View;
			sourceTree = "<group>";
		};
		EC488B8226ECC2B9005B7D31 /* ModelView */ = {
			isa = PBXGroup;
			children = (
				ECDBD1EF26EEB77A00635021 /* UniversityViewModel.swift */,
				EC8A56AD26F53D970081587F /* ActionSheetViewModel.swift */,
				EC3D114E26FA7E5C0031609C /* FilterModelView.swift */,
			);
			path = ModelView;
			sourceTree = "<group>";
		};
		EC488B8326ECC2C0005B7D31 /* Controller */ = {
			isa = PBXGroup;
			children = (
				EC488B8626ECC33C005B7D31 /* MainTabController.swift */,
				EC488B8826ECC53E005B7D31 /* UniversityController.swift */,
				EC488B8A26ECC5B9005B7D31 /* FavoritesController.swift */,
				EC488B8C26ECC60A005B7D31 /* CountdownController.swift */,
				ECCA788F2705000B00ADF48C /* AboutController.swift */,
				EC88419426F91C0600D6F5C0 /* Filter */,
				ECED8759270CF854000B2AFF /* LaunchAnimationViewController.swift */,
				ECA2CEFA2717592E0078A559 /* SubscriptionViewController.swift */,
			);
			path = Controller;
			sourceTree = "<group>";
		};
		EC488B8426ECC2CF005B7D31 /* API */ = {
			isa = PBXGroup;
			children = (
				EC51D6AF26EEA16300594A81 /* FirestoreService.swift */,
				ECC22CBB26EFE5C000350A4F /* RealmService.swift */,
				ECC11580270F7437004E4863 /* TextService.swift */,
				ECA2CF0027176DD50078A559 /* IAPService.swift */,
				ECA2CF0227177F2B0078A559 /* AppStoreReviewManager.swift */,
				EC83EDBD271C542200164397 /* NetworkMonitorService.swift */,
			);
			path = API;
			sourceTree = "<group>";
		};
		EC488B8526ECC2D9005B7D31 /* Utils */ = {
			isa = PBXGroup;
			children = (
				EC488B9026ECDE25005B7D31 /* Extensions.swift */,
				ECDBD1ED26EEB6D100635021 /* Constants.swift */,
				EC8A56A926F521B50081587F /* ActionSheetLauncher.swift */,
				EC6427F52709FA950052931E /* StaticCityData.swift */,
				EC5DB405270B715B0099B153 /* StaticUniversityData.txt */,
				ECC11586270F824E004E4863 /* StaticDepartmentData.txt */,
				EC416773271B2865007CF2E2 /* Configuration.storekit */,
				EC416774271B2B77007CF2E2 /* StoreKitTestCertificate.cer */,
			);
			path = Utils;
			sourceTree = "<group>";
		};
		EC88419426F91C0600D6F5C0 /* Filter */ = {
			isa = PBXGroup;
			children = (
				EC88418D26F9037B00D6F5C0 /* FilterController.swift */,
				EC88418F26F91A5100D6F5C0 /* CityListController.swift */,
				EC88419126F91BE400D6F5C0 /* DepartmentListController.swift */,
			);
			path = Filter;
			sourceTree = "<group>";
		};
		EC984BE326FE6D21005DA79A /* Views */ = {
			isa = PBXGroup;
			children = (
				EC3D113E26FA56F70031609C /* ScholarshipView.swift */,
				EC3D114026FA5F210031609C /* StatePrivateView.swift */,
				EC3D114226FA60720031609C /* LanguageView.swift */,
				EC3D114426FA61810031609C /* DurationView.swift */,
				EC3D114626FA641E0031609C /* ScoreRangeView.swift */,
				EC3D114826FA67FD0031609C /* PlacementRangeView.swift */,
				EC3D114A26FA742C0031609C /* CityListView.swift */,
				EC3D114C26FA77FB0031609C /* DepartmentListView.swift */,
			);
			path = Views;
			sourceTree = "<group>";
		};
/* End PBXGroup section */

/* Begin PBXNativeTarget section */
		EC488B6826ECC209005B7D31 /* TercihKilavuzu2022 */ = {
			isa = PBXNativeTarget;
			buildConfigurationList = EC488B7D26ECC20A005B7D31 /* Build configuration list for PBXNativeTarget "TercihKilavuzu2022" */;
			buildPhases = (
				B0E96E673AA4CBD8881A3499 /* [CP] Check Pods Manifest.lock */,
				EC488B6526ECC209005B7D31 /* Sources */,
				EC488B6626ECC209005B7D31 /* Frameworks */,
				EC488B6726ECC209005B7D31 /* Resources */,
				CB1C4B17E18F4218C1E8FB26 /* [CP] Embed Pods Frameworks */,
			);
			buildRules = (
			);
			dependencies = (
			);
			name = TercihKilavuzu2022;
			productName = TercihKilavuzu2022;
			productReference = EC488B6926ECC209005B7D31 /* TercihKilavuzu2022.app */;
			productType = "com.apple.product-type.application";
		};
/* End PBXNativeTarget section */

/* Begin PBXProject section */
		EC488B6126ECC209005B7D31 /* Project object */ = {
			isa = PBXProject;
			attributes = {
				LastSwiftUpdateCheck = 1250;
				LastUpgradeCheck = 1250;
				TargetAttributes = {
					EC488B6826ECC209005B7D31 = {
						CreatedOnToolsVersion = 12.5.1;
					};
				};
			};
			buildConfigurationList = EC488B6426ECC209005B7D31 /* Build configuration list for PBXProject "TercihKilavuzu2022" */;
			compatibilityVersion = "Xcode 9.3";
			developmentRegion = en;
			hasScannedForEncodings = 0;
			knownRegions = (
				en,
				Base,
			);
			mainGroup = EC488B6026ECC209005B7D31;
			productRefGroup = EC488B6A26ECC209005B7D31 /* Products */;
			projectDirPath = "";
			projectRoot = "";
			targets = (
				EC488B6826ECC209005B7D31 /* TercihKilavuzu2022 */,
			);
		};
/* End PBXProject section */

/* Begin PBXResourcesBuildPhase section */
		EC488B6726ECC209005B7D31 /* Resources */ = {
			isa = PBXResourcesBuildPhase;
			buildActionMask = 2147483647;
			files = (
				EC488B7926ECC20A005B7D31 /* LaunchScreen.storyboard in Resources */,
				EC416775271B2B77007CF2E2 /* StoreKitTestCertificate.cer in Resources */,
				EC51D6B426EEA95A00594A81 /* GoogleService-Info.plist in Resources */,
				EC488B7626ECC20A005B7D31 /* Assets.xcassets in Resources */,
				EC5DB406270B715B0099B153 /* StaticUniversityData.txt in Resources */,
				ECC11587270F824E004E4863 /* StaticDepartmentData.txt in Resources */,
				EC488B7426ECC209005B7D31 /* Main.storyboard in Resources */,
			);
			runOnlyForDeploymentPostprocessing = 0;
		};
/* End PBXResourcesBuildPhase section */

/* Begin PBXShellScriptBuildPhase section */
		B0E96E673AA4CBD8881A3499 /* [CP] Check Pods Manifest.lock */ = {
			isa = PBXShellScriptBuildPhase;
			buildActionMask = 2147483647;
			files = (
			);
			inputFileListPaths = (
			);
			inputPaths = (
				"${PODS_PODFILE_DIR_PATH}/Podfile.lock",
				"${PODS_ROOT}/Manifest.lock",
			);
			name = "[CP] Check Pods Manifest.lock";
			outputFileListPaths = (
			);
			outputPaths = (
				"$(DERIVED_FILE_DIR)/Pods-TercihKilavuzu2022-checkManifestLockResult.txt",
			);
			runOnlyForDeploymentPostprocessing = 0;
			shellPath = /bin/sh;
			shellScript = "diff \"${PODS_PODFILE_DIR_PATH}/Podfile.lock\" \"${PODS_ROOT}/Manifest.lock\" > /dev/null\nif [ $? != 0 ] ; then\n    # print error to STDERR\n    echo \"error: The sandbox is not in sync with the Podfile.lock. Run 'pod install' or update your CocoaPods installation.\" >&2\n    exit 1\nfi\n# This output is used by Xcode 'outputs' to avoid re-running this script phase.\necho \"SUCCESS\" > \"${SCRIPT_OUTPUT_FILE_0}\"\n";
			showEnvVarsInLog = 0;
		};
		CB1C4B17E18F4218C1E8FB26 /* [CP] Embed Pods Frameworks */ = {
			isa = PBXShellScriptBuildPhase;
			buildActionMask = 2147483647;
			files = (
			);
			inputFileListPaths = (
				"${PODS_ROOT}/Target Support Files/Pods-TercihKilavuzu2022/Pods-TercihKilavuzu2022-frameworks-${CONFIGURATION}-input-files.xcfilelist",
			);
			name = "[CP] Embed Pods Frameworks";
			outputFileListPaths = (
				"${PODS_ROOT}/Target Support Files/Pods-TercihKilavuzu2022/Pods-TercihKilavuzu2022-frameworks-${CONFIGURATION}-output-files.xcfilelist",
			);
			runOnlyForDeploymentPostprocessing = 0;
			shellPath = /bin/sh;
			shellScript = "\"${PODS_ROOT}/Target Support Files/Pods-TercihKilavuzu2022/Pods-TercihKilavuzu2022-frameworks.sh\"\n";
			showEnvVarsInLog = 0;
		};
/* End PBXShellScriptBuildPhase section */

/* Begin PBXSourcesBuildPhase section */
		EC488B6526ECC209005B7D31 /* Sources */ = {
			isa = PBXSourcesBuildPhase;
			buildActionMask = 2147483647;
			files = (
				EC703E2D2700CD8400020664 /* TYTCountdownGraphView.swift in Sources */,
				EC488B6D26ECC209005B7D31 /* AppDelegate.swift in Sources */,
				EC3D114926FA67FD0031609C /* PlacementRangeView.swift in Sources */,
				ECA2CEFF271768580078A559 /* SubscriptionDescriptionView.swift in Sources */,
				EC3D114F26FA7E5C0031609C /* FilterModelView.swift in Sources */,
				ECA2CEFD27175D640078A559 /* SubscriptionHeaderView.swift in Sources */,
				ECDBD1EE26EEB6D100635021 /* Constants.swift in Sources */,
				EC3D114326FA60720031609C /* LanguageView.swift in Sources */,
				EC88419226F91BE400D6F5C0 /* DepartmentListController.swift in Sources */,
				EC3D113F26FA56F70031609C /* ScholarshipView.swift in Sources */,
				ECED875A270CF854000B2AFF /* LaunchAnimationViewController.swift in Sources */,
				EC83EDBE271C542200164397 /* NetworkMonitorService.swift in Sources */,
				EC51D6B026EEA16300594A81 /* FirestoreService.swift in Sources */,
				ECC11581270F7437004E4863 /* TextService.swift in Sources */,
				EC703E332700F5C700020664 /* YDTCountdownGraphView.swift in Sources */,
				ECA2CF0327177F2B0078A559 /* AppStoreReviewManager.swift in Sources */,
				EC488B9326ECE63F005B7D31 /* UniversityCell.swift in Sources */,
				EC3D114526FA61810031609C /* DurationView.swift in Sources */,
				EC6427F62709FA950052931E /* StaticCityData.swift in Sources */,
				EC88419826F92CC200D6F5C0 /* CityCell.swift in Sources */,
				ECA2CF0127176DD50078A559 /* IAPService.swift in Sources */,
				EC51D6AE26EEA0E900594A81 /* University.swift in Sources */,
				EC88419626F91D0900D6F5C0 /* City.swift in Sources */,
				EC488B8D26ECC60A005B7D31 /* CountdownController.swift in Sources */,
				EC88419A26F932FB00D6F5C0 /* DepartmentCell.swift in Sources */,
				EC488B6F26ECC209005B7D31 /* SceneDelegate.swift in Sources */,
				EC488B8B26ECC5B9005B7D31 /* FavoritesController.swift in Sources */,
				EC3D114D26FA77FB0031609C /* DepartmentListView.swift in Sources */,
				EC8A56AE26F53D970081587F /* ActionSheetViewModel.swift in Sources */,
				EC488B8726ECC33C005B7D31 /* MainTabController.swift in Sources */,
				EC88419026F91A5100D6F5C0 /* CityListController.swift in Sources */,
				EC703E312700F4FD00020664 /* AYTCountdownGraphView.swift in Sources */,
				EC88419C26F933BF00D6F5C0 /* Department.swift in Sources */,
				ECC22CBC26EFE5C000350A4F /* RealmService.swift in Sources */,
				EC3D114B26FA742C0031609C /* CityListView.swift in Sources */,
				EC8A56AC26F52BA60081587F /* ActionSheetCell.swift in Sources */,
				EC3D114126FA5F210031609C /* StatePrivateView.swift in Sources */,
				EC488B8926ECC53E005B7D31 /* UniversityController.swift in Sources */,
				EC3D114726FA641E0031609C /* ScoreRangeView.swift in Sources */,
				EC88418E26F9037B00D6F5C0 /* FilterController.swift in Sources */,
				ECDBD1F026EEB77A00635021 /* UniversityViewModel.swift in Sources */,
				ECA2CEFB2717592E0078A559 /* SubscriptionViewController.swift in Sources */,
				EC488B9126ECDE25005B7D31 /* Extensions.swift in Sources */,
				EC8A56AA26F521B50081587F /* ActionSheetLauncher.swift in Sources */,
				ECCA78902705000B00ADF48C /* AboutController.swift in Sources */,
			);
			runOnlyForDeploymentPostprocessing = 0;
		};
/* End PBXSourcesBuildPhase section */

/* Begin PBXVariantGroup section */
		EC488B7226ECC209005B7D31 /* Main.storyboard */ = {
			isa = PBXVariantGroup;
			children = (
				EC488B7326ECC209005B7D31 /* Base */,
			);
			name = Main.storyboard;
			sourceTree = "<group>";
		};
		EC488B7726ECC20A005B7D31 /* LaunchScreen.storyboard */ = {
			isa = PBXVariantGroup;
			children = (
				EC488B7826ECC20A005B7D31 /* Base */,
			);
			name = LaunchScreen.storyboard;
			sourceTree = "<group>";
		};
/* End PBXVariantGroup section */

/* Begin XCBuildConfiguration section */
		EC488B7B26ECC20A005B7D31 /* Debug */ = {
			isa = XCBuildConfiguration;
			buildSettings = {
				ALWAYS_SEARCH_USER_PATHS = NO;
				CLANG_ANALYZER_NONNULL = YES;
				CLANG_ANALYZER_NUMBER_OBJECT_CONVERSION = YES_AGGRESSIVE;
				CLANG_CXX_LANGUAGE_STANDARD = "gnu++14";
				CLANG_CXX_LIBRARY = "libc++";
				CLANG_ENABLE_MODULES = YES;
				CLANG_ENABLE_OBJC_ARC = YES;
				CLANG_ENABLE_OBJC_WEAK = YES;
				CLANG_WARN_BLOCK_CAPTURE_AUTORELEASING = YES;
				CLANG_WARN_BOOL_CONVERSION = YES;
				CLANG_WARN_COMMA = YES;
				CLANG_WARN_CONSTANT_CONVERSION = YES;
				CLANG_WARN_DEPRECATED_OBJC_IMPLEMENTATIONS = YES;
				CLANG_WARN_DIRECT_OBJC_ISA_USAGE = YES_ERROR;
				CLANG_WARN_DOCUMENTATION_COMMENTS = YES;
				CLANG_WARN_EMPTY_BODY = YES;
				CLANG_WARN_ENUM_CONVERSION = YES;
				CLANG_WARN_INFINITE_RECURSION = YES;
				CLANG_WARN_INT_CONVERSION = YES;
				CLANG_WARN_NON_LITERAL_NULL_CONVERSION = YES;
				CLANG_WARN_OBJC_IMPLICIT_RETAIN_SELF = YES;
				CLANG_WARN_OBJC_LITERAL_CONVERSION = YES;
				CLANG_WARN_OBJC_ROOT_CLASS = YES_ERROR;
				CLANG_WARN_QUOTED_INCLUDE_IN_FRAMEWORK_HEADER = YES;
				CLANG_WARN_RANGE_LOOP_ANALYSIS = YES;
				CLANG_WARN_STRICT_PROTOTYPES = YES;
				CLANG_WARN_SUSPICIOUS_MOVE = YES;
				CLANG_WARN_UNGUARDED_AVAILABILITY = YES_AGGRESSIVE;
				CLANG_WARN_UNREACHABLE_CODE = YES;
				CLANG_WARN__DUPLICATE_METHOD_MATCH = YES;
				COPY_PHASE_STRIP = NO;
				DEBUG_INFORMATION_FORMAT = dwarf;
				ENABLE_STRICT_OBJC_MSGSEND = YES;
				ENABLE_TESTABILITY = YES;
				GCC_C_LANGUAGE_STANDARD = gnu11;
				GCC_DYNAMIC_NO_PIC = NO;
				GCC_NO_COMMON_BLOCKS = YES;
				GCC_OPTIMIZATION_LEVEL = 0;
				GCC_PREPROCESSOR_DEFINITIONS = (
					"DEBUG=1",
					"$(inherited)",
				);
				GCC_WARN_64_TO_32_BIT_CONVERSION = YES;
				GCC_WARN_ABOUT_RETURN_TYPE = YES_ERROR;
				GCC_WARN_UNDECLARED_SELECTOR = YES;
				GCC_WARN_UNINITIALIZED_AUTOS = YES_AGGRESSIVE;
				GCC_WARN_UNUSED_FUNCTION = YES;
				GCC_WARN_UNUSED_VARIABLE = YES;
				IPHONEOS_DEPLOYMENT_TARGET = 14.5;
				MTL_ENABLE_DEBUG_INFO = INCLUDE_SOURCE;
				MTL_FAST_MATH = YES;
				ONLY_ACTIVE_ARCH = YES;
				SDKROOT = iphoneos;
				SWIFT_ACTIVE_COMPILATION_CONDITIONS = DEBUG;
				SWIFT_OPTIMIZATION_LEVEL = "-Onone";
			};
			name = Debug;
		};
		EC488B7C26ECC20A005B7D31 /* Release */ = {
			isa = XCBuildConfiguration;
			buildSettings = {
				ALWAYS_SEARCH_USER_PATHS = NO;
				CLANG_ANALYZER_NONNULL = YES;
				CLANG_ANALYZER_NUMBER_OBJECT_CONVERSION = YES_AGGRESSIVE;
				CLANG_CXX_LANGUAGE_STANDARD = "gnu++14";
				CLANG_CXX_LIBRARY = "libc++";
				CLANG_ENABLE_MODULES = YES;
				CLANG_ENABLE_OBJC_ARC = YES;
				CLANG_ENABLE_OBJC_WEAK = YES;
				CLANG_WARN_BLOCK_CAPTURE_AUTORELEASING = YES;
				CLANG_WARN_BOOL_CONVERSION = YES;
				CLANG_WARN_COMMA = YES;
				CLANG_WARN_CONSTANT_CONVERSION = YES;
				CLANG_WARN_DEPRECATED_OBJC_IMPLEMENTATIONS = YES;
				CLANG_WARN_DIRECT_OBJC_ISA_USAGE = YES_ERROR;
				CLANG_WARN_DOCUMENTATION_COMMENTS = YES;
				CLANG_WARN_EMPTY_BODY = YES;
				CLANG_WARN_ENUM_CONVERSION = YES;
				CLANG_WARN_INFINITE_RECURSION = YES;
				CLANG_WARN_INT_CONVERSION = YES;
				CLANG_WARN_NON_LITERAL_NULL_CONVERSION = YES;
				CLANG_WARN_OBJC_IMPLICIT_RETAIN_SELF = YES;
				CLANG_WARN_OBJC_LITERAL_CONVERSION = YES;
				CLANG_WARN_OBJC_ROOT_CLASS = YES_ERROR;
				CLANG_WARN_QUOTED_INCLUDE_IN_FRAMEWORK_HEADER = YES;
				CLANG_WARN_RANGE_LOOP_ANALYSIS = YES;
				CLANG_WARN_STRICT_PROTOTYPES = YES;
				CLANG_WARN_SUSPICIOUS_MOVE = YES;
				CLANG_WARN_UNGUARDED_AVAILABILITY = YES_AGGRESSIVE;
				CLANG_WARN_UNREACHABLE_CODE = YES;
				CLANG_WARN__DUPLICATE_METHOD_MATCH = YES;
				COPY_PHASE_STRIP = NO;
				DEBUG_INFORMATION_FORMAT = "dwarf-with-dsym";
				ENABLE_NS_ASSERTIONS = NO;
				ENABLE_STRICT_OBJC_MSGSEND = YES;
				GCC_C_LANGUAGE_STANDARD = gnu11;
				GCC_NO_COMMON_BLOCKS = YES;
				GCC_WARN_64_TO_32_BIT_CONVERSION = YES;
				GCC_WARN_ABOUT_RETURN_TYPE = YES_ERROR;
				GCC_WARN_UNDECLARED_SELECTOR = YES;
				GCC_WARN_UNINITIALIZED_AUTOS = YES_AGGRESSIVE;
				GCC_WARN_UNUSED_FUNCTION = YES;
				GCC_WARN_UNUSED_VARIABLE = YES;
				IPHONEOS_DEPLOYMENT_TARGET = 14.5;
				MTL_ENABLE_DEBUG_INFO = NO;
				MTL_FAST_MATH = YES;
				SDKROOT = iphoneos;
				SWIFT_COMPILATION_MODE = wholemodule;
				SWIFT_OPTIMIZATION_LEVEL = "-O";
				VALIDATE_PRODUCT = YES;
			};
			name = Release;
		};
		EC488B7E26ECC20A005B7D31 /* Debug */ = {
			isa = XCBuildConfiguration;
			baseConfigurationReference = 616DD82CF9D1D0D91BFC5D05 /* Pods-TercihKilavuzu2022.debug.xcconfig */;
			buildSettings = {
				ASSETCATALOG_COMPILER_APPICON_NAME = AppIcon;
				ASSETCATALOG_COMPILER_GLOBAL_ACCENT_COLOR_NAME = AccentColor;
				CODE_SIGN_STYLE = Automatic;
				CURRENT_PROJECT_VERSION = 3;
				DEVELOPMENT_TEAM = G3P4L7GVWA;
				INFOPLIST_FILE = TercihKilavuzu2022/Info.plist;
				LD_RUNPATH_SEARCH_PATHS = (
					"$(inherited)",
					"@executable_path/Frameworks",
				);
				PRODUCT_BUNDLE_IDENTIFIER = com.myiosapps.TercihKilavuzu2022;
				PRODUCT_NAME = "$(TARGET_NAME)";
				SWIFT_VERSION = 5.0;
				TARGETED_DEVICE_FAMILY = 1;
			};
			name = Debug;
		};
		EC488B7F26ECC20A005B7D31 /* Release */ = {
			isa = XCBuildConfiguration;
			baseConfigurationReference = D609C56B569547FCBAF184F8 /* Pods-TercihKilavuzu2022.release.xcconfig */;
			buildSettings = {
				ASSETCATALOG_COMPILER_APPICON_NAME = AppIcon;
				ASSETCATALOG_COMPILER_GLOBAL_ACCENT_COLOR_NAME = AccentColor;
				CODE_SIGN_STYLE = Automatic;
				CURRENT_PROJECT_VERSION = 3;
				DEVELOPMENT_TEAM = G3P4L7GVWA;
				INFOPLIST_FILE = TercihKilavuzu2022/Info.plist;
				LD_RUNPATH_SEARCH_PATHS = (
					"$(inherited)",
					"@executable_path/Frameworks",
				);
				PRODUCT_BUNDLE_IDENTIFIER = com.myiosapps.TercihKilavuzu2022;
				PRODUCT_NAME = "$(TARGET_NAME)";
				SWIFT_VERSION = 5.0;
				TARGETED_DEVICE_FAMILY = 1;
			};
			name = Release;
		};
/* End XCBuildConfiguration section */

/* Begin XCConfigurationList section */
		EC488B6426ECC209005B7D31 /* Build configuration list for PBXProject "TercihKilavuzu2022" */ = {
			isa = XCConfigurationList;
			buildConfigurations = (
				EC488B7B26ECC20A005B7D31 /* Debug */,
				EC488B7C26ECC20A005B7D31 /* Release */,
			);
			defaultConfigurationIsVisible = 0;
			defaultConfigurationName = Release;
		};
		EC488B7D26ECC20A005B7D31 /* Build configuration list for PBXNativeTarget "TercihKilavuzu2022" */ = {
			isa = XCConfigurationList;
			buildConfigurations = (
				EC488B7E26ECC20A005B7D31 /* Debug */,
				EC488B7F26ECC20A005B7D31 /* Release */,
			);
			defaultConfigurationIsVisible = 0;
			defaultConfigurationName = Release;
		};
/* End XCConfigurationList section */
	};
	rootObject = EC488B6126ECC209005B7D31 /* Project object */;
}
